
Microsoft Visual Studio Solution File, Format Version 12.00
# Visual Studio Version 16
VisualStudioVersion = 16.0.32413.511
MinimumVisualStudioVersion = 10.0.40219.1
Project("{8BC9CEB8-8B4A-11D0-8D11-00A0C91BC942}") = "LogicGame", "LogicGame\LogicGame.vcxproj", "{B8C5A0BC-3CC3-4141-A8AC-D69FA3501C45}"
EndProject
Global
	GlobalSection(SolutionConfigurationPlatforms) = preSolution
		Debug|x64 = Debug|x64
		Debug|x86 = Debug|x86
		Release|x64 = Release|x64
		Release|x86 = Release|x86
	EndGlobalSection
	GlobalSection(ProjectConfigurationPlatforms) = postSolution
		{B8C5A0BC-3CC3-4141-A8AC-D69FA3501C45}.Debug|x64.ActiveCfg = Debug|x64
		{B8C5A0BC-3CC3-4141-A8AC-D69FA3501C45}.Debug|x64.Build.0 = Debug|x64
		{B8C5A0BC-3CC3-4141-A8AC-D69FA3501C45}.Debug|x86.ActiveCfg = Debug|Win32
		{B8C5A0BC-3CC3-4141-A8AC-D69FA3501C45}.Debug|x86.Build.0 = Debug|Win32
		{B8C5A0BC-3CC3-4141-A8AC-D69FA3501C45}.Release|x64.ActiveCfg = Release|x64
		{B8C5A0BC-3CC3-4141-A8AC-D69FA3501C45}.Release|x64.Build.0 = Release|x64
		{B8C5A0BC-3CC3-4141-A8AC-D69FA3501C45}.Release|x86.ActiveCfg = Release|Win32
		{B8C5A0BC-3CC3-4141-A8AC-D69FA3501C45}.Release|x86.Build.0 = Release|Win32
	EndGlobalSection
	GlobalSection(SolutionProperties) = preSolution
		HideSolutionNode = FALSE
	EndGlobalSection
	GlobalSection(ExtensibilityGlobals) = postSolution
		SolutionGuid = {C6B1C647-613C-4E55-9AA7-85DD561E71D2}
	EndGlobalSection
EndGlobal
